<?xml version="1.0" encoding="utf-8"?>
<Project ToolsVersion="4.0" xmlns="http://schemas.microsoft.com/developer/msbuild/2003">
  <ItemGroup>
    <Filter Include="build-windows">
      <UniqueIdentifier>{7a7e07b1-2def-443e-beca-da904396df81}</UniqueIdentifier>
    </Filter>
    <Filter Include="include">
      <UniqueIdentifier>{826389c1-a03f-4c98-899f-2589f48f0bde}</UniqueIdentifier>
    </Filter>
    <Filter Include="source">
      <UniqueIdentifier>{5534087d-e7d9-4ff1-b9f3-1427a3ba9d42}</UniqueIdentifier>
    </Filter>
  </ItemGroup>
  <ItemGroup>
    <ClCompile Include="dllmain.cpp">
      <Filter>build-windows</Filter>
    </ClCompile>
    <ClCompile Include="..\source\brx_anari_pal_image.cpp">
      <Filter>source</Filter>
    </ClCompile>
    <ClCompile Include="..\source\brx_anari_pal_device.cpp">
      <Filter>source</Filter>
    </ClCompile>
    <ClCompile Include="..\source\brx_anari_pal_surface.cpp">
      <Filter>source</Filter>
    </ClCompile>
    <ClCompile Include="..\source\brx_anari_pal_hdri_light.cpp">
      <Filter>source</Filter>
    </ClCompile>
    <ClCompile Include="..\source\brx_anari_pal_voxel_cone_tracing.cpp">
      <Filter>source</Filter>
    </ClCompile>
    <ClCompile Include="..\source\brx_anari_pal_resource.cpp">
      <Filter>source</Filter>
    </ClCompile>
    <ClCompile Include="..\source\brx_anari_pal_quad_light.cpp">
      <Filter>source</Filter>
    </ClCompile>
    <ClCompile Include="..\source\brx_anari_pal_directional_light.cpp">
      <Filter>source</Filter>
    </ClCompile>
    <ClCompile Include="..\source\brx_anari_pal_camera.cpp">
      <Filter>source</Filter>
    </ClCompile>
  </ItemGroup>
  <ItemGroup>
    <None Include="BRX-ANARI.def">
      <Filter>build-windows</Filter>
    </None>
  </ItemGroup>
  <ItemGroup>
    <ClInclude Include="..\include\brx_anari.h">
      <Filter>include</Filter>
    </ClInclude>
    <ClInclude Include="..\source\brx_anari_pal_device.h">
      <Filter>source</Filter>
    </ClInclude>
  </ItemGroup>
</Project>