// !$*UTF8*$!
{
	archiveVersion = 1;
	classes = {
	};
	objectVersion = 77;
	objects = {

/* Begin PBXBuildFile section */
		8483487B2F36062A00C7A9C5 /* brx_anari_pal_directional_light.cpp in Sources */ = {isa = PBXBuildFile; fileRef = 8483487A2F36062A00C7A9C5 /* brx_anari_pal_directional_light.cpp */; };
		8483487D2F36063800C7A9C5 /* brx_anari_pal_camera.cpp in Sources */ = {isa = PBXBuildFile; fileRef = 8483487C2F36063700C7A9C5 /* brx_anari_pal_camera.cpp */; };
		849418B02F13211E0022634B /* brx_anari_pal_hdri_light.cpp in Sources */ = {isa = PBXBuildFile; fileRef = 849418AB2F13211E0022634B /* brx_anari_pal_hdri_light.cpp */; };
		849418B12F13211E0022634B /* brx_anari_pal_device.cpp in Sources */ = {isa = PBXBuildFile; fileRef = 849418AA2F13211E0022634B /* brx_anari_pal_device.cpp */; };
		849418B22F13211E0022634B /* brx_anari_pal_image.cpp in Sources */ = {isa = PBXBuildFile; fileRef = 849418AC2F13211E0022634B /* brx_anari_pal_image.cpp */; };
		849418B32F13211E0022634B /* brx_anari_pal_surface.cpp in Sources */ = {isa = PBXBuildFile; fileRef = 849418AE2F13211E0022634B /* brx_anari_pal_surface.cpp */; };
		849418B42F13211E0022634B /* brx_anari_pal_voxel_cone_tracing.cpp in Sources */ = {isa = PBXBuildFile; fileRef = 849418AF2F13211E0022634B /* brx_anari_pal_voxel_cone_tracing.cpp */; };
		849418B52F13211E0022634B /* brx_anari_pal_resource.cpp in Sources */ = {isa = PBXBuildFile; fileRef = 849418AD2F13211E0022634B /* brx_anari_pal_resource.cpp */; };
		849418B82F13A2640022634B /* libOpenCV.a in Frameworks */ = {isa = PBXBuildFile; fileRef = 849418B72F13A2640022634B /* libOpenCV.a */; };
		849418BA2F13A2680022634B /* BRX-ImGui.framework in Frameworks */ = {isa = PBXBuildFile; fileRef = 849418B92F13A2680022634B /* BRX-ImGui.framework */; };
		849418BE2F13A2720022634B /* BRX-PAL.framework in Frameworks */ = {isa = PBXBuildFile; fileRef = 849418BD2F13A2720022634B /* BRX-PAL.framework */; };
		849418C22F13A2760022634B /* McRT-Malloc.framework in Frameworks */ = {isa = PBXBuildFile; fileRef = 849418C12F13A2760022634B /* McRT-Malloc.framework */; };
		84DA4C832F2A98AA00C52C4D /* brx_anari_pal_quad_light.cpp in Sources */ = {isa = PBXBuildFile; fileRef = 84DA4C822F2A98AA00C52C4D /* brx_anari_pal_quad_light.cpp */; };
/* End PBXBuildFile section */

/* Begin PBXFileReference section */
		8483487A2F36062A00C7A9C5 /* brx_anari_pal_directional_light.cpp */ = {isa = PBXFileReference; lastKnownFileType = sourcecode.cpp.cpp; name = brx_anari_pal_directional_light.cpp; path = ../source/brx_anari_pal_directional_light.cpp; sourceTree = SOURCE_ROOT; };
		8483487C2F36063700C7A9C5 /* brx_anari_pal_camera.cpp */ = {isa = PBXFileReference; lastKnownFileType = sourcecode.cpp.cpp; name = brx_anari_pal_camera.cpp; path = ../source/brx_anari_pal_camera.cpp; sourceTree = SOURCE_ROOT; };
		8494177B2F12F18E0022634B /* BRX-ANARI.framework */ = {isa = PBXFileReference; explicitFileType = wrapper.framework; includeInIndex = 0; path = "BRX-ANARI.framework"; sourceTree = BUILT_PRODUCTS_DIR; };
		849418AA2F13211E0022634B /* brx_anari_pal_device.cpp */ = {isa = PBXFileReference; lastKnownFileType = sourcecode.cpp.cpp; name = brx_anari_pal_device.cpp; path = ../source/brx_anari_pal_device.cpp; sourceTree = SOURCE_ROOT; };
		849418AB2F13211E0022634B /* brx_anari_pal_hdri_light.cpp */ = {isa = PBXFileReference; lastKnownFileType = sourcecode.cpp.cpp; name = brx_anari_pal_hdri_light.cpp; path = ../source/brx_anari_pal_hdri_light.cpp; sourceTree = SOURCE_ROOT; };
		849418AC2F13211E0022634B /* brx_anari_pal_image.cpp */ = {isa = PBXFileReference; lastKnownFileType = sourcecode.cpp.cpp; name = brx_anari_pal_image.cpp; path = ../source/brx_anari_pal_image.cpp; sourceTree = SOURCE_ROOT; };
		849418AD2F13211E0022634B /* brx_anari_pal_resource.cpp */ = {isa = PBXFileReference; lastKnownFileType = sourcecode.cpp.cpp; name = brx_anari_pal_resource.cpp; path = ../source/brx_anari_pal_resource.cpp; sourceTree = SOURCE_ROOT; };
		849418AE2F13211E0022634B /* brx_anari_pal_surface.cpp */ = {isa = PBXFileReference; lastKnownFileType = sourcecode.cpp.cpp; name = brx_anari_pal_surface.cpp; path = ../source/brx_anari_pal_surface.cpp; sourceTree = SOURCE_ROOT; };
		849418AF2F13211E0022634B /* brx_anari_pal_voxel_cone_tracing.cpp */ = {isa = PBXFileReference; lastKnownFileType = sourcecode.cpp.cpp; name = brx_anari_pal_voxel_cone_tracing.cpp; path = ../source/brx_anari_pal_voxel_cone_tracing.cpp; sourceTree = SOURCE_ROOT; };
		849418B72F13A2640022634B /* libOpenCV.a */ = {isa = PBXFileReference; explicitFileType = archive.ar; path = libOpenCV.a; sourceTree = BUILT_PRODUCTS_DIR; };
		849418B92F13A2680022634B /* BRX-ImGui.framework */ = {isa = PBXFileReference; explicitFileType = wrapper.framework; path = "BRX-ImGui.framework"; sourceTree = BUILT_PRODUCTS_DIR; };
		849418BD2F13A2720022634B /* BRX-PAL.framework */ = {isa = PBXFileReference; explicitFileType = wrapper.framework; path = "BRX-PAL.framework"; sourceTree = BUILT_PRODUCTS_DIR; };
		849418C12F13A2760022634B /* McRT-Malloc.framework */ = {isa = PBXFileReference; explicitFileType = wrapper.framework; path = "McRT-Malloc.framework"; sourceTree = BUILT_PRODUCTS_DIR; };
		84DA4C822F2A98AA00C52C4D /* brx_anari_pal_quad_light.cpp */ = {isa = PBXFileReference; lastKnownFileType = sourcecode.cpp.cpp; name = brx_anari_pal_quad_light.cpp; path = ../source/brx_anari_pal_quad_light.cpp; sourceTree = SOURCE_ROOT; };
/* End PBXFileReference section */

/* Begin PBXFrameworksBuildPhase section */
		849417782F12F18E0022634B /* Frameworks */ = {
			isa = PBXFrameworksBuildPhase;
			buildActionMask = 2147483647;
			files = (
				849418C22F13A2760022634B /* McRT-Malloc.framework in Frameworks */,
				849418B82F13A2640022634B /* libOpenCV.a in Frameworks */,
				849418BA2F13A2680022634B /* BRX-ImGui.framework in Frameworks */,
				849418BE2F13A2720022634B /* BRX-PAL.framework in Frameworks */,
			);
			runOnlyForDeploymentPostprocessing = 0;
		};
/* End PBXFrameworksBuildPhase section */

/* Begin PBXGroup section */
		849417082F12EE270022634B = {
			isa = PBXGroup;
			children = (
				849418AA2F13211E0022634B /* brx_anari_pal_device.cpp */,
				8483487C2F36063700C7A9C5 /* brx_anari_pal_camera.cpp */,
				849418AD2F13211E0022634B /* brx_anari_pal_resource.cpp */,
				849418AC2F13211E0022634B /* brx_anari_pal_image.cpp */,
				849418AE2F13211E0022634B /* brx_anari_pal_surface.cpp */,
				8483487A2F36062A00C7A9C5 /* brx_anari_pal_directional_light.cpp */,
				84DA4C822F2A98AA00C52C4D /* brx_anari_pal_quad_light.cpp */,
				849418AB2F13211E0022634B /* brx_anari_pal_hdri_light.cpp */,
				849418AF2F13211E0022634B /* brx_anari_pal_voxel_cone_tracing.cpp */,
				849418B62F13A2640022634B /* Frameworks */,
				849417132F12EE270022634B /* Products */,
			);
			sourceTree = "<group>";
		};
		849417132F12EE270022634B /* Products */ = {
			isa = PBXGroup;
			children = (
				8494177B2F12F18E0022634B /* BRX-ANARI.framework */,
			);
			name = Products;
			sourceTree = "<group>";
		};
		849418B62F13A2640022634B /* Frameworks */ = {
			isa = PBXGroup;
			children = (
				849418C12F13A2760022634B /* McRT-Malloc.framework */,
				849418BD2F13A2720022634B /* BRX-PAL.framework */,
				849418B92F13A2680022634B /* BRX-ImGui.framework */,
				849418B72F13A2640022634B /* libOpenCV.a */,
			);
			name = Frameworks;
			sourceTree = "<group>";
		};
/* End PBXGroup section */

/* Begin PBXHeadersBuildPhase section */
		849417762F12F18E0022634B /* Headers */ = {
			isa = PBXHeadersBuildPhase;
			buildActionMask = 2147483647;
			files = (
			);
			runOnlyForDeploymentPostprocessing = 0;
		};
/* End PBXHeadersBuildPhase section */

/* Begin PBXLegacyTarget section */
		849417F32F130E9D0022634B /* BRX-ANARI-Build-GLSL */ = {
			isa = PBXLegacyTarget;
			buildArgumentsString = "\"${PROJECT_DIR}/build-GLSL.sh\"";
			buildConfigurationList = 849417F62F130E9D0022634B /* Build configuration list for PBXLegacyTarget "BRX-ANARI-Build-GLSL" */;
			buildPhases = (
			);
			buildToolPath = bash;
			buildWorkingDirectory = "";
			dependencies = (
			);
			name = "BRX-ANARI-Build-GLSL";
			packageProductDependencies = (
			);
			passBuildSettingsInEnvironment = 1;
			productName = "BRX-ANARI-Build-GLSL";
		};
/* End PBXLegacyTarget section */

/* Begin PBXNativeTarget section */
		8494177A2F12F18E0022634B /* BRX-ANARI */ = {
			isa = PBXNativeTarget;
			buildConfigurationList = 849417822F12F18E0022634B /* Build configuration list for PBXNativeTarget "BRX-ANARI" */;
			buildPhases = (
				849417762F12F18E0022634B /* Headers */,
				849417772F12F18E0022634B /* Sources */,
				849417782F12F18E0022634B /* Frameworks */,
				849417792F12F18E0022634B /* Resources */,
			);
			buildRules = (
			);
			dependencies = (
			);
			name = "BRX-ANARI";
			packageProductDependencies = (
			);
			productName = "BRX-ANARI";
			productReference = 8494177B2F12F18E0022634B /* BRX-ANARI.framework */;
			productType = "com.apple.product-type.framework";
		};
/* End PBXNativeTarget section */

/* Begin PBXProject section */
		849417092F12EE270022634B /* Project object */ = {
			isa = PBXProject;
			attributes = {
				BuildIndependentTargetsInParallel = 1;
				LastUpgradeCheck = 2620;
				TargetAttributes = {
					8494177A2F12F18E0022634B = {
						CreatedOnToolsVersion = 26.2;
					};
					849417F32F130E9D0022634B = {
						CreatedOnToolsVersion = 26.2;
					};
				};
			};
			buildConfigurationList = 8494170C2F12EE270022634B /* Build configuration list for PBXProject "BRX-ANARI" */;
			developmentRegion = en;
			hasScannedForEncodings = 0;
			knownRegions = (
				en,
				Base,
			);
			mainGroup = 849417082F12EE270022634B;
			minimizedProjectReferenceProxies = 1;
			preferredProjectObjectVersion = 77;
			productRefGroup = 849417132F12EE270022634B /* Products */;
			projectDirPath = "";
			projectRoot = "";
			targets = (
				849417F32F130E9D0022634B /* BRX-ANARI-Build-GLSL */,
				8494177A2F12F18E0022634B /* BRX-ANARI */,
			);
		};
/* End PBXProject section */

/* Begin PBXResourcesBuildPhase section */
		849417792F12F18E0022634B /* Resources */ = {
			isa = PBXResourcesBuildPhase;
			buildActionMask = 2147483647;
			files = (
			);
			runOnlyForDeploymentPostprocessing = 0;
		};
/* End PBXResourcesBuildPhase section */

/* Begin PBXSourcesBuildPhase section */
		849417772F12F18E0022634B /* Sources */ = {
			isa = PBXSourcesBuildPhase;
			buildActionMask = 2147483647;
			files = (
				849418B02F13211E0022634B /* brx_anari_pal_hdri_light.cpp in Sources */,
				849418B12F13211E0022634B /* brx_anari_pal_device.cpp in Sources */,
				8483487B2F36062A00C7A9C5 /* brx_anari_pal_directional_light.cpp in Sources */,
				8483487D2F36063800C7A9C5 /* brx_anari_pal_camera.cpp in Sources */,
				849418B22F13211E0022634B /* brx_anari_pal_image.cpp in Sources */,
				84DA4C832F2A98AA00C52C4D /* brx_anari_pal_quad_light.cpp in Sources */,
				849418B32F13211E0022634B /* brx_anari_pal_surface.cpp in Sources */,
				849418B42F13211E0022634B /* brx_anari_pal_voxel_cone_tracing.cpp in Sources */,
				849418B52F13211E0022634B /* brx_anari_pal_resource.cpp in Sources */,
			);
			runOnlyForDeploymentPostprocessing = 0;
		};
/* End PBXSourcesBuildPhase section */

/* Begin XCBuildConfiguration section */
		8494171B2F12EE270022634B /* Debug */ = {
			isa = XCBuildConfiguration;
			buildSettings = {
				ALWAYS_SEARCH_USER_PATHS = NO;
				ARCHS = x86_64;
				CLANG_ANALYZER_NONNULL = YES;
				CLANG_ANALYZER_NUMBER_OBJECT_CONVERSION = YES_AGGRESSIVE;
				CLANG_CXX_LANGUAGE_STANDARD = "c++20";
				CLANG_ENABLE_MODULES = NO;
				CLANG_ENABLE_OBJC_ARC = NO;
				CLANG_ENABLE_OBJC_WEAK = YES;
				CLANG_WARN_BLOCK_CAPTURE_AUTORELEASING = YES;
				CLANG_WARN_BOOL_CONVERSION = YES;
				CLANG_WARN_COMMA = YES;
				CLANG_WARN_CONSTANT_CONVERSION = YES;
				CLANG_WARN_DEPRECATED_OBJC_IMPLEMENTATIONS = YES;
				CLANG_WARN_DIRECT_OBJC_ISA_USAGE = YES_ERROR;
				CLANG_WARN_DOCUMENTATION_COMMENTS = NO;
				CLANG_WARN_EMPTY_BODY = YES;
				CLANG_WARN_ENUM_CONVERSION = YES;
				CLANG_WARN_INFINITE_RECURSION = YES;
				CLANG_WARN_INT_CONVERSION = YES;
				CLANG_WARN_NON_LITERAL_NULL_CONVERSION = YES;
				CLANG_WARN_OBJC_IMPLICIT_RETAIN_SELF = YES;
				CLANG_WARN_OBJC_LITERAL_CONVERSION = YES;
				CLANG_WARN_OBJC_ROOT_CLASS = YES_ERROR;
				CLANG_WARN_QUOTED_INCLUDE_IN_FRAMEWORK_HEADER = YES;
				CLANG_WARN_RANGE_LOOP_ANALYSIS = YES;
				CLANG_WARN_STRICT_PROTOTYPES = YES;
				CLANG_WARN_SUSPICIOUS_MOVE = YES;
				CLANG_WARN_UNGUARDED_AVAILABILITY = YES_AGGRESSIVE;
				CLANG_WARN_UNREACHABLE_CODE = YES;
				CLANG_WARN__DUPLICATE_METHOD_MATCH = YES;
				COPY_PHASE_STRIP = NO;
				DEBUG_INFORMATION_FORMAT = dwarf;
				DEFINES_MODULE = NO;
				DEPLOYMENT_POSTPROCESSING = NO;
				ENABLE_STRICT_OBJC_MSGSEND = YES;
				ENABLE_TESTABILITY = YES;
				ENABLE_USER_SCRIPT_SANDBOXING = YES;
				GCC_C_LANGUAGE_STANDARD = c17;
				GCC_DYNAMIC_NO_PIC = NO;
				GCC_ENABLE_CPP_EXCEPTIONS = NO;
				GCC_ENABLE_CPP_RTTI = NO;
				GCC_NO_COMMON_BLOCKS = YES;
				GCC_OPTIMIZATION_LEVEL = 0;
				GCC_PREPROCESSOR_DEFINITIONS = (
					"$(inherited)",
					"DEBUG=1",
				);
				GCC_SYMBOLS_PRIVATE_EXTERN = NO;
				GCC_WARN_64_TO_32_BIT_CONVERSION = YES;
				GCC_WARN_ABOUT_RETURN_TYPE = YES_ERROR;
				GCC_WARN_UNDECLARED_SELECTOR = YES;
				GCC_WARN_UNINITIALIZED_AUTOS = YES_AGGRESSIVE;
				GCC_WARN_UNUSED_FUNCTION = YES;
				GCC_WARN_UNUSED_VARIABLE = YES;
				MACOSX_DEPLOYMENT_TARGET = 10.15;
				MTL_ENABLE_DEBUG_INFO = INCLUDE_SOURCE;
				MTL_FAST_MATH = YES;
				ONLY_ACTIVE_ARCH = YES;
				SDKROOT = macosx;
				STRIP_INSTALLED_PRODUCT = NO;
			};
			name = Debug;
		};
		8494171C2F12EE270022634B /* Release */ = {
			isa = XCBuildConfiguration;
			buildSettings = {
				ALWAYS_SEARCH_USER_PATHS = NO;
				ARCHS = x86_64;
				CLANG_ANALYZER_NONNULL = YES;
				CLANG_ANALYZER_NUMBER_OBJECT_CONVERSION = YES_AGGRESSIVE;
				CLANG_CXX_LANGUAGE_STANDARD = "c++20";
				CLANG_ENABLE_MODULES = NO;
				CLANG_ENABLE_OBJC_ARC = NO;
				CLANG_ENABLE_OBJC_WEAK = YES;
				CLANG_WARN_BLOCK_CAPTURE_AUTORELEASING = YES;
				CLANG_WARN_BOOL_CONVERSION = YES;
				CLANG_WARN_COMMA = YES;
				CLANG_WARN_CONSTANT_CONVERSION = YES;
				CLANG_WARN_DEPRECATED_OBJC_IMPLEMENTATIONS = YES;
				CLANG_WARN_DIRECT_OBJC_ISA_USAGE = YES_ERROR;
				CLANG_WARN_DOCUMENTATION_COMMENTS = NO;
				CLANG_WARN_EMPTY_BODY = YES;
				CLANG_WARN_ENUM_CONVERSION = YES;
				CLANG_WARN_INFINITE_RECURSION = YES;
				CLANG_WARN_INT_CONVERSION = YES;
				CLANG_WARN_NON_LITERAL_NULL_CONVERSION = YES;
				CLANG_WARN_OBJC_IMPLICIT_RETAIN_SELF = YES;
				CLANG_WARN_OBJC_LITERAL_CONVERSION = YES;
				CLANG_WARN_OBJC_ROOT_CLASS = YES_ERROR;
				CLANG_WARN_QUOTED_INCLUDE_IN_FRAMEWORK_HEADER = YES;
				CLANG_WARN_RANGE_LOOP_ANALYSIS = YES;
				CLANG_WARN_STRICT_PROTOTYPES = YES;
				CLANG_WARN_SUSPICIOUS_MOVE = YES;
				CLANG_WARN_UNGUARDED_AVAILABILITY = YES_AGGRESSIVE;
				CLANG_WARN_UNREACHABLE_CODE = YES;
				CLANG_WARN__DUPLICATE_METHOD_MATCH = YES;
				COPY_PHASE_STRIP = YES;
				DEBUG_INFORMATION_FORMAT = "dwarf-with-dsym";
				DEFINES_MODULE = NO;
				DEPLOYMENT_POSTPROCESSING = YES;
				ENABLE_NS_ASSERTIONS = NO;
				ENABLE_STRICT_OBJC_MSGSEND = YES;
				ENABLE_USER_SCRIPT_SANDBOXING = YES;
				GCC_C_LANGUAGE_STANDARD = c17;
				GCC_ENABLE_CPP_EXCEPTIONS = NO;
				GCC_ENABLE_CPP_RTTI = NO;
				GCC_NO_COMMON_BLOCKS = YES;
				GCC_PREPROCESSOR_DEFINITIONS = (
					"$(inherited)",
					"NDEBUG=1",
				);
				GCC_SYMBOLS_PRIVATE_EXTERN = NO;
				GCC_WARN_64_TO_32_BIT_CONVERSION = YES;
				GCC_WARN_ABOUT_RETURN_TYPE = YES_ERROR;
				GCC_WARN_UNDECLARED_SELECTOR = YES;
				GCC_WARN_UNINITIALIZED_AUTOS = YES_AGGRESSIVE;
				GCC_WARN_UNUSED_FUNCTION = YES;
				GCC_WARN_UNUSED_VARIABLE = YES;
				MACOSX_DEPLOYMENT_TARGET = 10.15;
				MTL_ENABLE_DEBUG_INFO = NO;
				MTL_FAST_MATH = YES;
				SDKROOT = macosx;
				STRIP_INSTALLED_PRODUCT = YES;
			};
			name = Release;
		};
		8494177F2F12F18E0022634B /* Debug */ = {
			isa = XCBuildConfiguration;
			buildSettings = {
				ARCHS = x86_64;
				CLANG_CXX_LANGUAGE_STANDARD = "c++20";
				CLANG_ENABLE_MODULES = NO;
				CLANG_ENABLE_OBJC_ARC = NO;
				CLANG_WARN_DOCUMENTATION_COMMENTS = NO;
				CLANG_X86_VECTOR_INSTRUCTIONS = avx2;
				CODE_SIGN_STYLE = Automatic;
				COMBINE_HIDPI_IMAGES = YES;
				COPY_PHASE_STRIP = NO;
				DEFINES_MODULE = NO;
				DEPLOYMENT_POSTPROCESSING = NO;
				DYLIB_COMPATIBILITY_VERSION = 1;
				DYLIB_CURRENT_VERSION = 1;
				DYLIB_INSTALL_NAME_BASE = "@rpath";
				EXPORTED_SYMBOLS_FILE = "$(PROJECT_DIR)/BRX-ANARI.exp";
				GCC_C_LANGUAGE_STANDARD = c17;
				GCC_ENABLE_CPP_EXCEPTIONS = NO;
				GCC_ENABLE_CPP_RTTI = NO;
				GCC_PREPROCESSOR_DEFINITIONS = (
					"$(inherited)",
					"PAL_STDCPP_COMPAT=1",
				);
				GCC_SYMBOLS_PRIVATE_EXTERN = NO;
				GENERATE_INFOPLIST_FILE = YES;
				HEADER_SEARCH_PATHS = (
					"$(PROJECT_DIR)/../../CoreRT/src/Native/inc/unix",
					"$(PROJECT_DIR)/../../DirectXMath/Inc",
					"$(PROJECT_DIR)/../../OpenCV/modules/core/include",
					"$(PROJECT_DIR)/../../OpenCV/modules/imgproc/include",
					"$(PROJECT_DIR)/../../OpenCV/modules/videoio/include",
				);
				INSTALL_PATH = "$(LOCAL_LIBRARY_DIR)/Frameworks";
				LD_RUNPATH_SEARCH_PATHS = (
					"$(inherited)",
					"@executable_path/../Frameworks",
				);
				MACOSX_DEPLOYMENT_TARGET = 10.15;
				"OTHER_CFLAGS[arch=i386]" = (
					"$(inherited)",
					"-mf16c",
					"-mfma",
				);
				"OTHER_CFLAGS[arch=x86_64]" = (
					"$(inherited)",
					"-mf16c",
					"-mfma",
				);
				PRODUCT_BUNDLE_IDENTIFIER = "IO.GitHub.BriochePuppet.BRX-ANARI";
				PRODUCT_NAME = "$(TARGET_NAME)";
				SKIP_INSTALL = YES;
				STRIP_INSTALLED_PRODUCT = NO;
			};
			name = Debug;
		};
		849417802F12F18E0022634B /* Release */ = {
			isa = XCBuildConfiguration;
			buildSettings = {
				ARCHS = x86_64;
				CLANG_CXX_LANGUAGE_STANDARD = "c++20";
				CLANG_ENABLE_MODULES = NO;
				CLANG_ENABLE_OBJC_ARC = NO;
				CLANG_WARN_DOCUMENTATION_COMMENTS = NO;
				CLANG_X86_VECTOR_INSTRUCTIONS = avx2;
				CODE_SIGN_STYLE = Automatic;
				COMBINE_HIDPI_IMAGES = YES;
				COPY_PHASE_STRIP = YES;
				DEFINES_MODULE = NO;
				DEPLOYMENT_POSTPROCESSING = YES;
				DYLIB_COMPATIBILITY_VERSION = 1;
				DYLIB_CURRENT_VERSION = 1;
				DYLIB_INSTALL_NAME_BASE = "@rpath";
				EXPORTED_SYMBOLS_FILE = "$(PROJECT_DIR)/BRX-ANARI.exp";
				GCC_C_LANGUAGE_STANDARD = c17;
				GCC_ENABLE_CPP_EXCEPTIONS = NO;
				GCC_ENABLE_CPP_RTTI = NO;
				GCC_PREPROCESSOR_DEFINITIONS = (
					"$(inherited)",
					"PAL_STDCPP_COMPAT=1",
				);
				GCC_SYMBOLS_PRIVATE_EXTERN = NO;
				GENERATE_INFOPLIST_FILE = YES;
				HEADER_SEARCH_PATHS = (
					"$(PROJECT_DIR)/../../CoreRT/src/Native/inc/unix",
					"$(PROJECT_DIR)/../../DirectXMath/Inc",
					"$(PROJECT_DIR)/../../OpenCV/modules/core/include",
					"$(PROJECT_DIR)/../../OpenCV/modules/imgproc/include",
					"$(PROJECT_DIR)/../../OpenCV/modules/videoio/include",
				);
				INSTALL_PATH = "$(LOCAL_LIBRARY_DIR)/Frameworks";
				LD_RUNPATH_SEARCH_PATHS = (
					"$(inherited)",
					"@executable_path/../Frameworks",
				);
				MACOSX_DEPLOYMENT_TARGET = 10.15;
				"OTHER_CFLAGS[arch=i386]" = (
					"$(inherited)",
					"-mf16c",
					"-mfma",
				);
				"OTHER_CFLAGS[arch=x86_64]" = (
					"$(inherited)",
					"-mf16c",
					"-mfma",
				);
				PRODUCT_BUNDLE_IDENTIFIER = "IO.GitHub.BriochePuppet.BRX-ANARI";
				PRODUCT_NAME = "$(TARGET_NAME)";
				SKIP_INSTALL = YES;
				STRIP_INSTALLED_PRODUCT = YES;
			};
			name = Release;
		};
		849417F42F130E9D0022634B /* Debug */ = {
			isa = XCBuildConfiguration;
			buildSettings = {
				CLANG_CXX_LANGUAGE_STANDARD = "c++20";
				CODE_SIGN_STYLE = Automatic;
				DEBUGGING_SYMBOLS = YES;
				DEBUG_INFORMATION_FORMAT = dwarf;
				GCC_C_LANGUAGE_STANDARD = c17;
				GCC_GENERATE_DEBUGGING_SYMBOLS = YES;
				GCC_OPTIMIZATION_LEVEL = 0;
				OTHER_CFLAGS = "";
				OTHER_LDFLAGS = "";
				PRODUCT_NAME = "$(TARGET_NAME)";
			};
			name = Debug;
		};
		849417F52F130E9D0022634B /* Release */ = {
			isa = XCBuildConfiguration;
			buildSettings = {
				CLANG_CXX_LANGUAGE_STANDARD = "c++20";
				CODE_SIGN_STYLE = Automatic;
				COPY_PHASE_STRIP = NO;
				DEBUG_INFORMATION_FORMAT = "dwarf-with-dsym";
				GCC_C_LANGUAGE_STANDARD = c17;
				OTHER_CFLAGS = "";
				OTHER_LDFLAGS = "";
				PRODUCT_NAME = "$(TARGET_NAME)";
			};
			name = Release;
		};
/* End XCBuildConfiguration section */

/* Begin XCConfigurationList section */
		8494170C2F12EE270022634B /* Build configuration list for PBXProject "BRX-ANARI" */ = {
			isa = XCConfigurationList;
			buildConfigurations = (
				8494171B2F12EE270022634B /* Debug */,
				8494171C2F12EE270022634B /* Release */,
			);
			defaultConfigurationIsVisible = 0;
			defaultConfigurationName = Release;
		};
		849417822F12F18E0022634B /* Build configuration list for PBXNativeTarget "BRX-ANARI" */ = {
			isa = XCConfigurationList;
			buildConfigurations = (
				8494177F2F12F18E0022634B /* Debug */,
				849417802F12F18E0022634B /* Release */,
			);
			defaultConfigurationIsVisible = 0;
			defaultConfigurationName = Release;
		};
		849417F62F130E9D0022634B /* Build configuration list for PBXLegacyTarget "BRX-ANARI-Build-GLSL" */ = {
			isa = XCConfigurationList;
			buildConfigurations = (
				849417F42F130E9D0022634B /* Debug */,
				849417F52F130E9D0022634B /* Release */,
			);
			defaultConfigurationIsVisible = 0;
			defaultConfigurationName = Release;
		};
/* End XCConfigurationList section */
	};
	rootObject = 849417092F12EE270022634B /* Project object */;
}
